<?xml version="1.0" encoding="utf-8"?>
<Project ToolsVersion="4.0" xmlns="http://schemas.microsoft.com/developer/msbuild/2003">
  <ItemGroup>
    <ClCompile Include="..\StorageUtility\Ata.cpp" />
    <ClCompile Include="..\StorageUtility\Internal\Windows\Device.cpp" />
    <ClCompile Include="..\StorageUtility\Internal\Windows\StorageUtility.cpp" />
    <ClCompile Include="..\StorageUtility\Scsi.cpp" />
    <ClCompile Include="..\vtStorAtaProtocol\AsynIoProtocolEssense.cpp" />
    <ClCompile Include="..\vtStorAtaProtocol\AtaProtocolEssense1.cpp" />
    <ClCompile Include="..\vtStorAtaProtocol\Platform\Windows\ProtocolAsynIo.cpp" />
    <ClCompile Include="..\vtStorAtaProtocol\Platform\Windows\ProtocolAtaPassThrough.cpp" />
    <ClCompile Include="..\vtStorAta\AsynIoCommandExtensions.cpp" />
    <ClCompile Include="..\vtStorAta\AtaCommandExtensions.cpp" />
    <ClCompile Include="..\vtStorAta\CommandDescriptorAta.cpp" />
    <ClCompile Include="..\vtStorAta\CommandHandlerAsynIo.cpp" />
    <ClCompile Include="..\vtStorAta\DriveEnumeratorAta.cpp" />
    <ClCompile Include="..\vtStorAta\Internal\CommandHandlerAta.cpp" />
    <ClCompile Include="..\vtStorAta\Internal\DriveAta.cpp" />
    <ClCompile Include="..\vtStorAta\Internal\TrimBufferFormatter.cpp" />
    <ClCompile Include="..\vtStorScsiProtocol\Platform\Windows\ProtocolScsiPassThrough.cpp" />
    <ClCompile Include="..\vtStorScsiProtocol\ScsiProtocolEssense1.cpp" />
    <ClCompile Include="..\vtStorScsi\CommandDescriptorScsi.cpp" />
    <ClCompile Include="..\vtStorScsi\DriveEnumeratorScsi.cpp" />
    <ClCompile Include="..\vtStorScsi\Internal\CommandHandlerScsi.cpp" />
    <ClCompile Include="..\vtStorScsi\Internal\DriveScsi.cpp" />
    <ClCompile Include="..\vtStorScsi\ScsiCommandExtensions.cpp" />
    <ClCompile Include="..\vtStor\Buffer.cpp" />
    <ClCompile Include="..\vtStor\BufferFormatter.cpp" />
    <ClCompile Include="..\vtStor\CommandDescriptor.cpp" />
    <ClCompile Include="..\vtStor\DriveEnumerateDecorator.cpp" />
    <ClCompile Include="..\vtStor\DriveEnumerator.cpp" />
    <ClCompile Include="..\vtStor\Internal\Drive.cpp" />
    <ClCompile Include="..\vtStor\Internal\DriveManager.cpp" />
    <ClCompile Include="..\vtStor\ProtocolEssense.cpp" />
    <ClCompile Include="..\vtStor\Overlapped.cpp" />
  </ItemGroup>
  <ItemGroup>
    <ClInclude Include="..\Common\BusType.h" />
    <ClInclude Include="..\Common\DeviceDataType.h" />
    <ClInclude Include="..\Common\ErrorCodes.h" />
    <ClInclude Include="..\Common\Platform\x86x64\BasicTypes.h" />
    <ClInclude Include="..\Common\Platform\x86x64\Windows\PlatformDefines.h" />
    <ClInclude Include="..\Common\ScanForHardwareChanges.h" />
    <ClInclude Include="..\Extern\IAsynIoCommandExtensions.h" />
    <ClInclude Include="..\Extern\IAtaCommandExtensions.h" />
    <ClInclude Include="..\Extern\IBuffer.h" />
    <ClInclude Include="..\Extern\ICommandHandler.h" />
    <ClInclude Include="..\Extern\IDevice.h" />
    <ClInclude Include="..\Extern\IDrive.h" />
    <ClInclude Include="..\Extern\IDriveEnumerator.h" />
    <ClInclude Include="..\Extern\IDriveManager.h" />
    <ClInclude Include="..\Extern\IProtocol.h" />
    <ClInclude Include="..\Extern\IScsiCommandExtensions.h" />
    <ClInclude Include="..\StorageUtility\Ata.h" />
    <ClInclude Include="..\StorageUtility\Internal\Windows\Device.h" />
    <ClInclude Include="..\StorageUtility\Internal\Windows\StorageUtility.h" />
    <ClInclude Include="..\StorageUtility\Scsi.h" />
    <ClInclude Include="..\vtStorAtaProtocol\AsynIoProtocolEssense.h" />
    <ClInclude Include="..\vtStorAtaProtocol\AtaProtocolEssense1.h" />
    <ClInclude Include="..\vtStorAtaProtocol\Platform\Windows\ProtocolAsynIo.h" />
    <ClInclude Include="..\vtStorAtaProtocol\Platform\Windows\ProtocolAtaPassThrough.h" />
    <ClInclude Include="..\vtStorAta\AsynIoCommandExtensions.h" />
    <ClInclude Include="..\vtStorAta\AtaCommandExtensions.h" />
    <ClInclude Include="..\vtStorAta\CommandDescriptorAta.h" />
    <ClInclude Include="..\vtStorAta\CommandHandlerAsynIo.h" />
    <ClInclude Include="..\vtStorAta\DriveEnumeratorAta.h" />
    <ClInclude Include="..\vtStorAta\Internal\CommandHandlerAta.h" />
    <ClInclude Include="..\vtStorAta\Internal\DriveAta.h" />
    <ClInclude Include="..\vtStorAta\Internal\TrimBufferFormatter.h" />
    <ClInclude Include="..\vtStorScsiProtocol\Platform\Windows\ProtocolScsiPassThrough.h" />
    <ClInclude Include="..\vtStorScsiProtocol\ScsiProtocolEssense1.h" />
    <ClInclude Include="..\vtStorScsi\CommandDescriptorScsi.h" />
    <ClInclude Include="..\vtStorScsi\DriveEnumeratorScsi.h" />
    <ClInclude Include="..\vtStorScsi\Internal\CommandHandlerScsi.h" />
    <ClInclude Include="..\vtStorScsi\Internal\DriveScsi.h" />
    <ClInclude Include="..\vtStorScsi\ScsiCommandExtensions.h" />
    <ClInclude Include="..\vtStor\Buffer.h" />
    <ClInclude Include="..\vtStor\BufferFormatter.h" />
    <ClInclude Include="..\vtStor\CommandDescriptor.h" />
    <ClInclude Include="..\vtStor\DriveEnumerateDecorator.h" />
    <ClInclude Include="..\vtStor\DriveEnumerator.h" />
    <ClInclude Include="..\vtStor\Internal\Drive.h" />
    <ClInclude Include="..\vtStor\Internal\DriveManager.h" />
    <ClInclude Include="..\vtStor\ProtocolEssense.h" />
    <ClInclude Include="..\vtStor\Overlapped.h" />
  </ItemGroup>
</Project>