
Microsoft Visual Studio Solution File, Format Version 12.00
# Visual Studio 2013
VisualStudioVersion = 12.0.31101.0
MinimumVisualStudioVersion = 10.0.40219.1
Project("{8BC9CEB8-8B4A-11D0-8D11-00A0C91BC942}") = "vtStor", "vtStor\vtStor.vcxproj", "{2595AE3D-FF40-47C4-B050-55D450843934}"
EndProject
Project("{8BC9CEB8-8B4A-11D0-8D11-00A0C91BC942}") = "DriveAta", "DriveAta\DriveAta.vcxproj", "{EEA27773-C14E-4081-A532-A2B71CAF306B}"
EndProject
Project("{8BC9CEB8-8B4A-11D0-8D11-00A0C91BC942}") = "DriveEnumeratorAta", "DriveEnumeratorAta\DriveEnumeratorAta.vcxproj", "{81528CDF-976A-4F09-B1F8-1976A92FB19A}"
	ProjectSection(ProjectDependencies) = postProject
		{2595AE3D-FF40-47C4-B050-55D450843934} = {2595AE3D-FF40-47C4-B050-55D450843934}
		{0DA52EB3-5F61-4919-8B1A-0DC1B50B619F} = {0DA52EB3-5F61-4919-8B1A-0DC1B50B619F}
	EndProjectSection
EndProject
Project("{8BC9CEB8-8B4A-11D0-8D11-00A0C91BC942}") = "TransporterAta", "TransporterAta\TransporterAta.vcxproj", "{F82EADAD-C13C-456D-A3DA-94BFBCC813E6}"
EndProject
Project("{8BC9CEB8-8B4A-11D0-8D11-00A0C91BC942}") = "StorageUtility", "StorageUtility\StorageUtility.vcxproj", "{0DA52EB3-5F61-4919-8B1A-0DC1B50B619F}"
EndProject
Project("{8BC9CEB8-8B4A-11D0-8D11-00A0C91BC942}") = "vtStor.ATest", "vtStor.ATest\vtStor.ATest.vcxproj", "{38174204-111B-4572-8B9B-4349C7432C9A}"
	ProjectSection(ProjectDependencies) = postProject
		{81528CDF-976A-4F09-B1F8-1976A92FB19A} = {81528CDF-976A-4F09-B1F8-1976A92FB19A}
	EndProjectSection
EndProject
Global
	GlobalSection(SolutionConfigurationPlatforms) = preSolution
		Debug|Mixed Platforms = Debug|Mixed Platforms
		Debug|Win32 = Debug|Win32
		Debug|x64 = Debug|x64
		Release|Mixed Platforms = Release|Mixed Platforms
		Release|Win32 = Release|Win32
		Release|x64 = Release|x64
	EndGlobalSection
	GlobalSection(ProjectConfigurationPlatforms) = postSolution
		{2595AE3D-FF40-47C4-B050-55D450843934}.Debug|Mixed Platforms.ActiveCfg = Debug|Win32
		{2595AE3D-FF40-47C4-B050-55D450843934}.Debug|Mixed Platforms.Build.0 = Debug|Win32
		{2595AE3D-FF40-47C4-B050-55D450843934}.Debug|Win32.ActiveCfg = Debug|Win32
		{2595AE3D-FF40-47C4-B050-55D450843934}.Debug|Win32.Build.0 = Debug|Win32
		{2595AE3D-FF40-47C4-B050-55D450843934}.Debug|x64.ActiveCfg = Debug|x64
		{2595AE3D-FF40-47C4-B050-55D450843934}.Debug|x64.Build.0 = Debug|x64
		{2595AE3D-FF40-47C4-B050-55D450843934}.Release|Mixed Platforms.ActiveCfg = Release|Win32
		{2595AE3D-FF40-47C4-B050-55D450843934}.Release|Mixed Platforms.Build.0 = Release|Win32
		{2595AE3D-FF40-47C4-B050-55D450843934}.Release|Win32.ActiveCfg = Release|Win32
		{2595AE3D-FF40-47C4-B050-55D450843934}.Release|Win32.Build.0 = Release|Win32
		{2595AE3D-FF40-47C4-B050-55D450843934}.Release|x64.ActiveCfg = Release|x64
		{2595AE3D-FF40-47C4-B050-55D450843934}.Release|x64.Build.0 = Release|x64
		{EEA27773-C14E-4081-A532-A2B71CAF306B}.Debug|Mixed Platforms.ActiveCfg = Debug|Win32
		{EEA27773-C14E-4081-A532-A2B71CAF306B}.Debug|Mixed Platforms.Build.0 = Debug|Win32
		{EEA27773-C14E-4081-A532-A2B71CAF306B}.Debug|Win32.ActiveCfg = Debug|Win32
		{EEA27773-C14E-4081-A532-A2B71CAF306B}.Debug|Win32.Build.0 = Debug|Win32
		{EEA27773-C14E-4081-A532-A2B71CAF306B}.Debug|x64.ActiveCfg = Debug|x64
		{EEA27773-C14E-4081-A532-A2B71CAF306B}.Debug|x64.Build.0 = Debug|x64
		{EEA27773-C14E-4081-A532-A2B71CAF306B}.Release|Mixed Platforms.ActiveCfg = Release|Win32
		{EEA27773-C14E-4081-A532-A2B71CAF306B}.Release|Mixed Platforms.Build.0 = Release|Win32
		{EEA27773-C14E-4081-A532-A2B71CAF306B}.Release|Win32.ActiveCfg = Release|Win32
		{EEA27773-C14E-4081-A532-A2B71CAF306B}.Release|Win32.Build.0 = Release|Win32
		{EEA27773-C14E-4081-A532-A2B71CAF306B}.Release|x64.ActiveCfg = Release|x64
		{81528CDF-976A-4F09-B1F8-1976A92FB19A}.Debug|Mixed Platforms.ActiveCfg = Debug|Win32
		{81528CDF-976A-4F09-B1F8-1976A92FB19A}.Debug|Mixed Platforms.Build.0 = Debug|Win32
		{81528CDF-976A-4F09-B1F8-1976A92FB19A}.Debug|Win32.ActiveCfg = Debug|Win32
		{81528CDF-976A-4F09-B1F8-1976A92FB19A}.Debug|Win32.Build.0 = Debug|Win32
		{81528CDF-976A-4F09-B1F8-1976A92FB19A}.Debug|x64.ActiveCfg = Debug|x64
		{81528CDF-976A-4F09-B1F8-1976A92FB19A}.Debug|x64.Build.0 = Debug|x64
		{81528CDF-976A-4F09-B1F8-1976A92FB19A}.Release|Mixed Platforms.ActiveCfg = Release|Win32
		{81528CDF-976A-4F09-B1F8-1976A92FB19A}.Release|Mixed Platforms.Build.0 = Release|Win32
		{81528CDF-976A-4F09-B1F8-1976A92FB19A}.Release|Win32.ActiveCfg = Release|Win32
		{81528CDF-976A-4F09-B1F8-1976A92FB19A}.Release|Win32.Build.0 = Release|Win32
		{81528CDF-976A-4F09-B1F8-1976A92FB19A}.Release|x64.ActiveCfg = Release|x64
		{F82EADAD-C13C-456D-A3DA-94BFBCC813E6}.Debug|Mixed Platforms.ActiveCfg = Debug|Win32
		{F82EADAD-C13C-456D-A3DA-94BFBCC813E6}.Debug|Mixed Platforms.Build.0 = Debug|Win32
		{F82EADAD-C13C-456D-A3DA-94BFBCC813E6}.Debug|Win32.ActiveCfg = Debug|Win32
		{F82EADAD-C13C-456D-A3DA-94BFBCC813E6}.Debug|Win32.Build.0 = Debug|Win32
		{F82EADAD-C13C-456D-A3DA-94BFBCC813E6}.Debug|x64.ActiveCfg = Debug|x64
		{F82EADAD-C13C-456D-A3DA-94BFBCC813E6}.Debug|x64.Build.0 = Debug|x64
		{F82EADAD-C13C-456D-A3DA-94BFBCC813E6}.Release|Mixed Platforms.ActiveCfg = Release|Win32
		{F82EADAD-C13C-456D-A3DA-94BFBCC813E6}.Release|Mixed Platforms.Build.0 = Release|Win32
		{F82EADAD-C13C-456D-A3DA-94BFBCC813E6}.Release|Win32.ActiveCfg = Release|Win32
		{F82EADAD-C13C-456D-A3DA-94BFBCC813E6}.Release|Win32.Build.0 = Release|Win32
		{F82EADAD-C13C-456D-A3DA-94BFBCC813E6}.Release|x64.ActiveCfg = Release|x64
		{0DA52EB3-5F61-4919-8B1A-0DC1B50B619F}.Debug|Mixed Platforms.ActiveCfg = Debug|Win32
		{0DA52EB3-5F61-4919-8B1A-0DC1B50B619F}.Debug|Mixed Platforms.Build.0 = Debug|Win32
		{0DA52EB3-5F61-4919-8B1A-0DC1B50B619F}.Debug|Win32.ActiveCfg = Debug|Win32
		{0DA52EB3-5F61-4919-8B1A-0DC1B50B619F}.Debug|Win32.Build.0 = Debug|Win32
		{0DA52EB3-5F61-4919-8B1A-0DC1B50B619F}.Debug|x64.ActiveCfg = Debug|x64
		{0DA52EB3-5F61-4919-8B1A-0DC1B50B619F}.Debug|x64.Build.0 = Debug|x64
		{0DA52EB3-5F61-4919-8B1A-0DC1B50B619F}.Release|Mixed Platforms.ActiveCfg = Release|Win32
		{0DA52EB3-5F61-4919-8B1A-0DC1B50B619F}.Release|Mixed Platforms.Build.0 = Release|Win32
		{0DA52EB3-5F61-4919-8B1A-0DC1B50B619F}.Release|Win32.ActiveCfg = Release|Win32
		{0DA52EB3-5F61-4919-8B1A-0DC1B50B619F}.Release|Win32.Build.0 = Release|Win32
		{0DA52EB3-5F61-4919-8B1A-0DC1B50B619F}.Release|x64.ActiveCfg = Release|x64
		{38174204-111B-4572-8B9B-4349C7432C9A}.Debug|Mixed Platforms.ActiveCfg = Debug|Win32
		{38174204-111B-4572-8B9B-4349C7432C9A}.Debug|Mixed Platforms.Build.0 = Debug|Win32
		{38174204-111B-4572-8B9B-4349C7432C9A}.Debug|Win32.ActiveCfg = Debug|Win32
		{38174204-111B-4572-8B9B-4349C7432C9A}.Debug|Win32.Build.0 = Debug|Win32
		{38174204-111B-4572-8B9B-4349C7432C9A}.Debug|x64.ActiveCfg = Debug|x64
		{38174204-111B-4572-8B9B-4349C7432C9A}.Debug|x64.Build.0 = Debug|x64
		{38174204-111B-4572-8B9B-4349C7432C9A}.Release|Mixed Platforms.ActiveCfg = Release|Win32
		{38174204-111B-4572-8B9B-4349C7432C9A}.Release|Mixed Platforms.Build.0 = Release|Win32
		{38174204-111B-4572-8B9B-4349C7432C9A}.Release|Win32.ActiveCfg = Release|Win32
		{38174204-111B-4572-8B9B-4349C7432C9A}.Release|Win32.Build.0 = Release|Win32
		{38174204-111B-4572-8B9B-4349C7432C9A}.Release|x64.ActiveCfg = Release|x64
	EndGlobalSection
	GlobalSection(SolutionProperties) = preSolution
		HideSolutionNode = FALSE
	EndGlobalSection
EndGlobal
