
Microsoft Visual Studio Solution File, Format Version 12.00
# Visual Studio 2013
VisualStudioVersion = 12.0.40629.0
MinimumVisualStudioVersion = 10.0.40219.1
Project("{8BC9CEB8-8B4A-11D0-8D11-00A0C91BC942}") = "vtStor", "vtStor\vtStor.vcxproj", "{2595AE3D-FF40-47C4-B050-55D450843934}"
EndProject
Project("{8BC9CEB8-8B4A-11D0-8D11-00A0C91BC942}") = "StorageUtility", "StorageUtility\StorageUtility.vcxproj", "{0DA52EB3-5F61-4919-8B1A-0DC1B50B619F}"
EndProject
Project("{8BC9CEB8-8B4A-11D0-8D11-00A0C91BC942}") = "vtStor.ATest", "vtStor.ATest\vtStor.ATest.vcxproj", "{38174204-111B-4572-8B9B-4349C7432C9A}"
	ProjectSection(ProjectDependencies) = postProject
		{81528CDF-976A-4F09-B1F8-1976A92FB19A} = {81528CDF-976A-4F09-B1F8-1976A92FB19A}
	EndProjectSection
EndProject
Project("{8BC9CEB8-8B4A-11D0-8D11-00A0C91BC942}") = "vtStorAta", "vtStorAta\vtStorAta.vcxproj", "{81528CDF-976A-4F09-B1F8-1976A92FB19A}"
EndProject
Project("{8BC9CEB8-8B4A-11D0-8D11-00A0C91BC942}") = "vtStor.Test", "vtStor.Test\vtStor.Test.vcxproj", "{1B9EF3CF-4867-42AB-8CF1-582D89BB25C8}"
EndProject
Project("{8BC9CEB8-8B4A-11D0-8D11-00A0C91BC942}") = "vtStorManaged", "vtStorManaged\vtStorManaged.vcxproj", "{131076B3-3784-43D5-8F57-E6277DE39DE8}"
EndProject
Project("{8BC9CEB8-8B4A-11D0-8D11-00A0C91BC942}") = "vtStorAtaManaged", "vtStorAtaManaged\vtStorAtaManaged.vcxproj", "{AFAA866B-3981-4914-A526-C3274B270D38}"
EndProject
Project("{FAE04EC0-301F-11D3-BF4B-00C04F79EFBC}") = "vtStorManaged.ATest", "vtStorManaged.ATest\vtStorManaged.ATest.csproj", "{AAD52396-DA13-4A4D-ADB8-BE40267181F3}"
	ProjectSection(ProjectDependencies) = postProject
		{F70FC4A6-9901-454D-A7BA-AD3472667A45} = {F70FC4A6-9901-454D-A7BA-AD3472667A45}
	EndProjectSection
EndProject
Project("{FAE04EC0-301F-11D3-BF4B-00C04F79EFBC}") = "vtStorManaged.Test", "vtStorManaged.Test\vtStorManaged.Test.csproj", "{EB4C7B7F-9C54-462F-A103-1FEA260F247C}"
	ProjectSection(ProjectDependencies) = postProject
		{F70FC4A6-9901-454D-A7BA-AD3472667A45} = {F70FC4A6-9901-454D-A7BA-AD3472667A45}
	EndProjectSection
EndProject
Project("{8BC9CEB8-8B4A-11D0-8D11-00A0C91BC942}") = "vtStorAtaProtocol", "vtStorAtaProtocol\vtStorAtaProtocol.vcxproj", "{1F24EDF0-EF6D-46F8-B0C8-964120E50963}"
EndProject
Project("{8BC9CEB8-8B4A-11D0-8D11-00A0C91BC942}") = "vtStorAtaProtocolManaged", "vtStorAtaProtocolManaged\vtStorAtaProtocolManaged.vcxproj", "{3F1631E9-76D6-4489-8DC1-F0D3846FF633}"
EndProject
Project("{8BC9CEB8-8B4A-11D0-8D11-00A0C91BC942}") = "vtStorScsi", "vtStorScsi\vtStorScsi.vcxproj", "{B1F540FF-EFCE-42D5-8B92-A4067F213254}"
EndProject
Project("{8BC9CEB8-8B4A-11D0-8D11-00A0C91BC942}") = "vtStorScsiProtocol", "vtStorScsiProtocol\vtStorScsiProtocol.vcxproj", "{90D0E9B4-DBC7-4D85-9740-59F0EFBD3C0D}"
EndProject
Project("{8BC9CEB8-8B4A-11D0-8D11-00A0C91BC942}") = "vtStorScsiManaged", "vtStorScsiManaged\vtStorScsiManaged.vcxproj", "{963C63DF-E064-45E7-A4F7-B71AFD8AB334}"
EndProject
Project("{8BC9CEB8-8B4A-11D0-8D11-00A0C91BC942}") = "vtStorScsiProtocolManaged", "vtStorScsiProtocolManaged\vtStorScsiProtocolManaged.vcxproj", "{4DD12527-B4CD-4877-A89F-6673B30EE90D}"
EndProject
Project("{2150E333-8FDC-42A3-9474-1A3956D46DE8}") = "UnamangedCode", "UnamangedCode", "{06644966-8FD4-43BF-BC92-1E6B6B8945C2}"
EndProject
Project("{2150E333-8FDC-42A3-9474-1A3956D46DE8}") = "ManagedCode", "ManagedCode", "{A5846527-0F92-4F58-8A8A-75377DD093C6}"
EndProject
Project("{8BC9CEB8-8B4A-11D0-8D11-00A0C91BC942}") = "vtStorUnified", "vtStorUnified\vtStorUnified.vcxproj", "{F70FC4A6-9901-454D-A7BA-AD3472667A45}"
EndProject
Global
	GlobalSection(SolutionConfigurationPlatforms) = preSolution
		Debug|Win32 = Debug|Win32
		Debug|x64 = Debug|x64
		Release|Win32 = Release|Win32
		Release|x64 = Release|x64
	EndGlobalSection
	GlobalSection(ProjectConfigurationPlatforms) = postSolution
		{2595AE3D-FF40-47C4-B050-55D450843934}.Debug|Win32.ActiveCfg = Debug|Win32
		{2595AE3D-FF40-47C4-B050-55D450843934}.Debug|Win32.Build.0 = Debug|Win32
		{2595AE3D-FF40-47C4-B050-55D450843934}.Debug|x64.ActiveCfg = Debug|x64
		{2595AE3D-FF40-47C4-B050-55D450843934}.Debug|x64.Build.0 = Debug|x64
		{2595AE3D-FF40-47C4-B050-55D450843934}.Release|Win32.ActiveCfg = Release|Win32
		{2595AE3D-FF40-47C4-B050-55D450843934}.Release|Win32.Build.0 = Release|Win32
		{2595AE3D-FF40-47C4-B050-55D450843934}.Release|x64.ActiveCfg = Release|x64
		{2595AE3D-FF40-47C4-B050-55D450843934}.Release|x64.Build.0 = Release|x64
		{0DA52EB3-5F61-4919-8B1A-0DC1B50B619F}.Debug|Win32.ActiveCfg = Debug|Win32
		{0DA52EB3-5F61-4919-8B1A-0DC1B50B619F}.Debug|Win32.Build.0 = Debug|Win32
		{0DA52EB3-5F61-4919-8B1A-0DC1B50B619F}.Debug|x64.ActiveCfg = Debug|x64
		{0DA52EB3-5F61-4919-8B1A-0DC1B50B619F}.Debug|x64.Build.0 = Debug|x64
		{0DA52EB3-5F61-4919-8B1A-0DC1B50B619F}.Release|Win32.ActiveCfg = Release|Win32
		{0DA52EB3-5F61-4919-8B1A-0DC1B50B619F}.Release|Win32.Build.0 = Release|Win32
		{0DA52EB3-5F61-4919-8B1A-0DC1B50B619F}.Release|x64.ActiveCfg = Release|x64
		{0DA52EB3-5F61-4919-8B1A-0DC1B50B619F}.Release|x64.Build.0 = Release|x64
		{38174204-111B-4572-8B9B-4349C7432C9A}.Debug|Win32.ActiveCfg = Debug|Win32
		{38174204-111B-4572-8B9B-4349C7432C9A}.Debug|Win32.Build.0 = Debug|Win32
		{38174204-111B-4572-8B9B-4349C7432C9A}.Debug|x64.ActiveCfg = Debug|x64
		{38174204-111B-4572-8B9B-4349C7432C9A}.Debug|x64.Build.0 = Debug|x64
		{38174204-111B-4572-8B9B-4349C7432C9A}.Release|Win32.ActiveCfg = Release|Win32
		{38174204-111B-4572-8B9B-4349C7432C9A}.Release|Win32.Build.0 = Release|Win32
		{38174204-111B-4572-8B9B-4349C7432C9A}.Release|x64.ActiveCfg = Release|x64
		{38174204-111B-4572-8B9B-4349C7432C9A}.Release|x64.Build.0 = Release|x64
		{81528CDF-976A-4F09-B1F8-1976A92FB19A}.Debug|Win32.ActiveCfg = Debug|Win32
		{81528CDF-976A-4F09-B1F8-1976A92FB19A}.Debug|Win32.Build.0 = Debug|Win32
		{81528CDF-976A-4F09-B1F8-1976A92FB19A}.Debug|x64.ActiveCfg = Debug|x64
		{81528CDF-976A-4F09-B1F8-1976A92FB19A}.Debug|x64.Build.0 = Debug|x64
		{81528CDF-976A-4F09-B1F8-1976A92FB19A}.Release|Win32.ActiveCfg = Release|Win32
		{81528CDF-976A-4F09-B1F8-1976A92FB19A}.Release|Win32.Build.0 = Release|Win32
		{81528CDF-976A-4F09-B1F8-1976A92FB19A}.Release|x64.ActiveCfg = Release|x64
		{81528CDF-976A-4F09-B1F8-1976A92FB19A}.Release|x64.Build.0 = Release|x64
		{1B9EF3CF-4867-42AB-8CF1-582D89BB25C8}.Debug|Win32.ActiveCfg = Debug|Win32
		{1B9EF3CF-4867-42AB-8CF1-582D89BB25C8}.Debug|Win32.Build.0 = Debug|Win32
		{1B9EF3CF-4867-42AB-8CF1-582D89BB25C8}.Debug|x64.ActiveCfg = Debug|x64
		{1B9EF3CF-4867-42AB-8CF1-582D89BB25C8}.Debug|x64.Build.0 = Debug|x64
		{1B9EF3CF-4867-42AB-8CF1-582D89BB25C8}.Release|Win32.ActiveCfg = Release|Win32
		{1B9EF3CF-4867-42AB-8CF1-582D89BB25C8}.Release|Win32.Build.0 = Release|Win32
		{1B9EF3CF-4867-42AB-8CF1-582D89BB25C8}.Release|x64.ActiveCfg = Release|x64
		{1B9EF3CF-4867-42AB-8CF1-582D89BB25C8}.Release|x64.Build.0 = Release|x64
		{131076B3-3784-43D5-8F57-E6277DE39DE8}.Debug|Win32.ActiveCfg = Debug|Win32
		{131076B3-3784-43D5-8F57-E6277DE39DE8}.Debug|Win32.Build.0 = Debug|Win32
		{131076B3-3784-43D5-8F57-E6277DE39DE8}.Debug|x64.ActiveCfg = Debug|x64
		{131076B3-3784-43D5-8F57-E6277DE39DE8}.Debug|x64.Build.0 = Debug|x64
		{131076B3-3784-43D5-8F57-E6277DE39DE8}.Release|Win32.ActiveCfg = Release|Win32
		{131076B3-3784-43D5-8F57-E6277DE39DE8}.Release|Win32.Build.0 = Release|Win32
		{131076B3-3784-43D5-8F57-E6277DE39DE8}.Release|x64.ActiveCfg = Release|x64
		{131076B3-3784-43D5-8F57-E6277DE39DE8}.Release|x64.Build.0 = Release|x64
		{AFAA866B-3981-4914-A526-C3274B270D38}.Debug|Win32.ActiveCfg = Debug|Win32
		{AFAA866B-3981-4914-A526-C3274B270D38}.Debug|Win32.Build.0 = Debug|Win32
		{AFAA866B-3981-4914-A526-C3274B270D38}.Debug|x64.ActiveCfg = Debug|x64
		{AFAA866B-3981-4914-A526-C3274B270D38}.Debug|x64.Build.0 = Debug|x64
		{AFAA866B-3981-4914-A526-C3274B270D38}.Release|Win32.ActiveCfg = Release|Win32
		{AFAA866B-3981-4914-A526-C3274B270D38}.Release|Win32.Build.0 = Release|Win32
		{AFAA866B-3981-4914-A526-C3274B270D38}.Release|x64.ActiveCfg = Release|x64
		{AFAA866B-3981-4914-A526-C3274B270D38}.Release|x64.Build.0 = Release|x64
		{AAD52396-DA13-4A4D-ADB8-BE40267181F3}.Debug|Win32.ActiveCfg = Debug|x86
		{AAD52396-DA13-4A4D-ADB8-BE40267181F3}.Debug|Win32.Build.0 = Debug|x86
		{AAD52396-DA13-4A4D-ADB8-BE40267181F3}.Debug|x64.ActiveCfg = Debug|x64
		{AAD52396-DA13-4A4D-ADB8-BE40267181F3}.Debug|x64.Build.0 = Debug|x64
		{AAD52396-DA13-4A4D-ADB8-BE40267181F3}.Release|Win32.ActiveCfg = Release|x86
		{AAD52396-DA13-4A4D-ADB8-BE40267181F3}.Release|Win32.Build.0 = Release|x86
		{AAD52396-DA13-4A4D-ADB8-BE40267181F3}.Release|x64.ActiveCfg = Release|x64
		{AAD52396-DA13-4A4D-ADB8-BE40267181F3}.Release|x64.Build.0 = Release|x64
		{EB4C7B7F-9C54-462F-A103-1FEA260F247C}.Debug|Win32.ActiveCfg = Debug|x86
		{EB4C7B7F-9C54-462F-A103-1FEA260F247C}.Debug|Win32.Build.0 = Debug|x86
		{EB4C7B7F-9C54-462F-A103-1FEA260F247C}.Debug|x64.ActiveCfg = Debug|x64
		{EB4C7B7F-9C54-462F-A103-1FEA260F247C}.Debug|x64.Build.0 = Debug|x64
		{EB4C7B7F-9C54-462F-A103-1FEA260F247C}.Release|Win32.ActiveCfg = Release|x86
		{EB4C7B7F-9C54-462F-A103-1FEA260F247C}.Release|Win32.Build.0 = Release|x86
		{EB4C7B7F-9C54-462F-A103-1FEA260F247C}.Release|x64.ActiveCfg = Release|x64
		{EB4C7B7F-9C54-462F-A103-1FEA260F247C}.Release|x64.Build.0 = Release|x64
		{1F24EDF0-EF6D-46F8-B0C8-964120E50963}.Debug|Win32.ActiveCfg = Debug|Win32
		{1F24EDF0-EF6D-46F8-B0C8-964120E50963}.Debug|Win32.Build.0 = Debug|Win32
		{1F24EDF0-EF6D-46F8-B0C8-964120E50963}.Debug|x64.ActiveCfg = Debug|x64
		{1F24EDF0-EF6D-46F8-B0C8-964120E50963}.Debug|x64.Build.0 = Debug|x64
		{1F24EDF0-EF6D-46F8-B0C8-964120E50963}.Release|Win32.ActiveCfg = Release|Win32
		{1F24EDF0-EF6D-46F8-B0C8-964120E50963}.Release|Win32.Build.0 = Release|Win32
		{1F24EDF0-EF6D-46F8-B0C8-964120E50963}.Release|x64.ActiveCfg = Release|x64
		{1F24EDF0-EF6D-46F8-B0C8-964120E50963}.Release|x64.Build.0 = Release|x64
		{3F1631E9-76D6-4489-8DC1-F0D3846FF633}.Debug|Win32.ActiveCfg = Debug|Win32
		{3F1631E9-76D6-4489-8DC1-F0D3846FF633}.Debug|Win32.Build.0 = Debug|Win32
		{3F1631E9-76D6-4489-8DC1-F0D3846FF633}.Debug|x64.ActiveCfg = Debug|x64
		{3F1631E9-76D6-4489-8DC1-F0D3846FF633}.Debug|x64.Build.0 = Debug|x64
		{3F1631E9-76D6-4489-8DC1-F0D3846FF633}.Release|Win32.ActiveCfg = Release|Win32
		{3F1631E9-76D6-4489-8DC1-F0D3846FF633}.Release|Win32.Build.0 = Release|Win32
		{3F1631E9-76D6-4489-8DC1-F0D3846FF633}.Release|x64.ActiveCfg = Release|x64
		{3F1631E9-76D6-4489-8DC1-F0D3846FF633}.Release|x64.Build.0 = Release|x64
		{B1F540FF-EFCE-42D5-8B92-A4067F213254}.Debug|Win32.ActiveCfg = Debug|Win32
		{B1F540FF-EFCE-42D5-8B92-A4067F213254}.Debug|Win32.Build.0 = Debug|Win32
		{B1F540FF-EFCE-42D5-8B92-A4067F213254}.Debug|x64.ActiveCfg = Debug|x64
		{B1F540FF-EFCE-42D5-8B92-A4067F213254}.Debug|x64.Build.0 = Debug|x64
		{B1F540FF-EFCE-42D5-8B92-A4067F213254}.Release|Win32.ActiveCfg = Release|Win32
		{B1F540FF-EFCE-42D5-8B92-A4067F213254}.Release|Win32.Build.0 = Release|Win32
		{B1F540FF-EFCE-42D5-8B92-A4067F213254}.Release|x64.ActiveCfg = Release|x64
		{B1F540FF-EFCE-42D5-8B92-A4067F213254}.Release|x64.Build.0 = Release|x64
		{90D0E9B4-DBC7-4D85-9740-59F0EFBD3C0D}.Debug|Win32.ActiveCfg = Debug|Win32
		{90D0E9B4-DBC7-4D85-9740-59F0EFBD3C0D}.Debug|Win32.Build.0 = Debug|Win32
		{90D0E9B4-DBC7-4D85-9740-59F0EFBD3C0D}.Debug|x64.ActiveCfg = Debug|x64
		{90D0E9B4-DBC7-4D85-9740-59F0EFBD3C0D}.Debug|x64.Build.0 = Debug|x64
		{90D0E9B4-DBC7-4D85-9740-59F0EFBD3C0D}.Release|Win32.ActiveCfg = Release|Win32
		{90D0E9B4-DBC7-4D85-9740-59F0EFBD3C0D}.Release|Win32.Build.0 = Release|Win32
		{90D0E9B4-DBC7-4D85-9740-59F0EFBD3C0D}.Release|x64.ActiveCfg = Release|x64
		{90D0E9B4-DBC7-4D85-9740-59F0EFBD3C0D}.Release|x64.Build.0 = Release|x64
		{963C63DF-E064-45E7-A4F7-B71AFD8AB334}.Debug|Win32.ActiveCfg = Debug|Win32
		{963C63DF-E064-45E7-A4F7-B71AFD8AB334}.Debug|Win32.Build.0 = Debug|Win32
		{963C63DF-E064-45E7-A4F7-B71AFD8AB334}.Debug|x64.ActiveCfg = Debug|x64
		{963C63DF-E064-45E7-A4F7-B71AFD8AB334}.Debug|x64.Build.0 = Debug|x64
		{963C63DF-E064-45E7-A4F7-B71AFD8AB334}.Release|Win32.ActiveCfg = Release|Win32
		{963C63DF-E064-45E7-A4F7-B71AFD8AB334}.Release|Win32.Build.0 = Release|Win32
		{963C63DF-E064-45E7-A4F7-B71AFD8AB334}.Release|x64.ActiveCfg = Release|x64
		{963C63DF-E064-45E7-A4F7-B71AFD8AB334}.Release|x64.Build.0 = Release|x64
		{4DD12527-B4CD-4877-A89F-6673B30EE90D}.Debug|Win32.ActiveCfg = Debug|Win32
		{4DD12527-B4CD-4877-A89F-6673B30EE90D}.Debug|Win32.Build.0 = Debug|Win32
		{4DD12527-B4CD-4877-A89F-6673B30EE90D}.Debug|x64.ActiveCfg = Debug|x64
		{4DD12527-B4CD-4877-A89F-6673B30EE90D}.Debug|x64.Build.0 = Debug|x64
		{4DD12527-B4CD-4877-A89F-6673B30EE90D}.Release|Win32.ActiveCfg = Release|Win32
		{4DD12527-B4CD-4877-A89F-6673B30EE90D}.Release|Win32.Build.0 = Release|Win32
		{4DD12527-B4CD-4877-A89F-6673B30EE90D}.Release|x64.ActiveCfg = Release|x64
		{4DD12527-B4CD-4877-A89F-6673B30EE90D}.Release|x64.Build.0 = Release|x64
		{F70FC4A6-9901-454D-A7BA-AD3472667A45}.Debug|Win32.ActiveCfg = Debug|Win32
		{F70FC4A6-9901-454D-A7BA-AD3472667A45}.Debug|Win32.Build.0 = Debug|Win32
		{F70FC4A6-9901-454D-A7BA-AD3472667A45}.Debug|x64.ActiveCfg = Debug|x64
		{F70FC4A6-9901-454D-A7BA-AD3472667A45}.Debug|x64.Build.0 = Debug|x64
		{F70FC4A6-9901-454D-A7BA-AD3472667A45}.Release|Win32.ActiveCfg = Release|Win32
		{F70FC4A6-9901-454D-A7BA-AD3472667A45}.Release|Win32.Build.0 = Release|Win32
		{F70FC4A6-9901-454D-A7BA-AD3472667A45}.Release|x64.ActiveCfg = Release|x64
		{F70FC4A6-9901-454D-A7BA-AD3472667A45}.Release|x64.Build.0 = Release|x64
	EndGlobalSection
	GlobalSection(SolutionProperties) = preSolution
		HideSolutionNode = FALSE
	EndGlobalSection
	GlobalSection(NestedProjects) = preSolution
		{2595AE3D-FF40-47C4-B050-55D450843934} = {06644966-8FD4-43BF-BC92-1E6B6B8945C2}
		{0DA52EB3-5F61-4919-8B1A-0DC1B50B619F} = {06644966-8FD4-43BF-BC92-1E6B6B8945C2}
		{38174204-111B-4572-8B9B-4349C7432C9A} = {06644966-8FD4-43BF-BC92-1E6B6B8945C2}
		{81528CDF-976A-4F09-B1F8-1976A92FB19A} = {06644966-8FD4-43BF-BC92-1E6B6B8945C2}
		{1B9EF3CF-4867-42AB-8CF1-582D89BB25C8} = {06644966-8FD4-43BF-BC92-1E6B6B8945C2}
		{131076B3-3784-43D5-8F57-E6277DE39DE8} = {A5846527-0F92-4F58-8A8A-75377DD093C6}
		{AFAA866B-3981-4914-A526-C3274B270D38} = {A5846527-0F92-4F58-8A8A-75377DD093C6}
		{AAD52396-DA13-4A4D-ADB8-BE40267181F3} = {A5846527-0F92-4F58-8A8A-75377DD093C6}
		{EB4C7B7F-9C54-462F-A103-1FEA260F247C} = {A5846527-0F92-4F58-8A8A-75377DD093C6}
		{1F24EDF0-EF6D-46F8-B0C8-964120E50963} = {06644966-8FD4-43BF-BC92-1E6B6B8945C2}
		{3F1631E9-76D6-4489-8DC1-F0D3846FF633} = {A5846527-0F92-4F58-8A8A-75377DD093C6}
		{B1F540FF-EFCE-42D5-8B92-A4067F213254} = {06644966-8FD4-43BF-BC92-1E6B6B8945C2}
		{90D0E9B4-DBC7-4D85-9740-59F0EFBD3C0D} = {06644966-8FD4-43BF-BC92-1E6B6B8945C2}
		{963C63DF-E064-45E7-A4F7-B71AFD8AB334} = {A5846527-0F92-4F58-8A8A-75377DD093C6}
		{4DD12527-B4CD-4877-A89F-6673B30EE90D} = {A5846527-0F92-4F58-8A8A-75377DD093C6}
		{F70FC4A6-9901-454D-A7BA-AD3472667A45} = {06644966-8FD4-43BF-BC92-1E6B6B8945C2}
	EndGlobalSection
EndGlobal
