<?xml version="1.0" encoding="utf-8"?>
<Project ToolsVersion="4.0" xmlns="http://schemas.microsoft.com/developer/msbuild/2003">
  <ItemGroup>
    <Filter Include="Source Files">
      <UniqueIdentifier>{4FC737F1-C7A5-4376-A066-2A32D752A2FF}</UniqueIdentifier>
      <Extensions>cpp;c;cc;cxx;def;odl;idl;hpj;bat;asm;asmx</Extensions>
    </Filter>
    <Filter Include="Header Files">
      <UniqueIdentifier>{93995380-89BD-4b04-88EB-625FBE52EBFB}</UniqueIdentifier>
      <Extensions>h;hh;hpp;hxx;hm;inl;inc;xsd</Extensions>
    </Filter>
    <Filter Include="Resource Files">
      <UniqueIdentifier>{67DA6AB6-F800-4c08-8B7A-83BB121AAD01}</UniqueIdentifier>
      <Extensions>rc;ico;cur;bmp;dlg;rc2;rct;bin;rgs;gif;jpg;jpeg;jpe;resx;tiff;tif;png;wav;mfcribbon-ms</Extensions>
    </Filter>
  </ItemGroup>
  <ItemGroup>
    <ClCompile Include="main.cpp">
      <Filter>Source Files</Filter>
    </ClCompile>
    <ClCompile Include="TestObjectFactory.cpp">
      <Filter>Source Files</Filter>
    </ClCompile>
    <ClCompile Include="VtStorTestFramework.cpp">
      <Filter>Source Files</Filter>
    </ClCompile>
    <ClCompile Include="DataAccessCommandTest.cpp">
      <Filter>Source Files</Filter>
    </ClCompile>
    <ClCompile Include="ATestUtility.cpp">
      <Filter>Source Files</Filter>
    </ClCompile>
    <ClCompile Include="TestResource.cpp">
      <Filter>Source Files</Filter>
    </ClCompile>
    <ClCompile Include="AtaReadWriteDmaTest.cpp">
      <Filter>Source Files</Filter>
    </ClCompile>
    <ClCompile Include="AtaReadWriteDmaExtTest.cpp">
      <Filter>Source Files</Filter>
    </ClCompile>
    <ClCompile Include="AtaReadWriteSectorTest.cpp">
      <Filter>Source Files</Filter>
    </ClCompile>
    <ClCompile Include="AtaReadWriteBufferTest.cpp">
      <Filter>Source Files</Filter>
    </ClCompile>
    <ClCompile Include="AtaReadWriteSectorExtTest.cpp">
      <Filter>Source Files</Filter>
    </ClCompile>
    <ClCompile Include="AtaSmartTest.cpp">
      <Filter>Source Files</Filter>
    </ClCompile>
    <ClCompile Include="VtStorTestManager.cpp">
      <Filter>Source Files</Filter>
    </ClCompile>
    <ClCompile Include="AtaIdentifyDevice.cpp">
      <Filter>Source Files</Filter>
    </ClCompile>
  </ItemGroup>
  <ItemGroup>
    <ClInclude Include="IVtStorTest.h">
      <Filter>Header Files</Filter>
    </ClInclude>
    <ClInclude Include="TestObjectFactory.h">
      <Filter>Header Files</Filter>
    </ClInclude>
    <ClInclude Include="TestObjectRegister.h">
      <Filter>Header Files</Filter>
    </ClInclude>
    <ClInclude Include="VtStorTestFrameWork.h">
      <Filter>Header Files</Filter>
    </ClInclude>
    <ClInclude Include="VtStorATestDefine.h">
      <Filter>Header Files</Filter>
    </ClInclude>
    <ClInclude Include="DataAccessCommandTest.h">
      <Filter>Header Files</Filter>
    </ClInclude>
    <ClInclude Include="ATestUtility.h">
      <Filter>Header Files</Filter>
    </ClInclude>
    <ClInclude Include="TestResource.h">
      <Filter>Header Files</Filter>
    </ClInclude>
    <ClInclude Include="AtaReadWriteDmaTest.h">
      <Filter>Header Files</Filter>
    </ClInclude>
    <ClInclude Include="AtaReadWriteDmaExtTest.h">
      <Filter>Header Files</Filter>
    </ClInclude>
    <ClInclude Include="AtaReadWriteSectorTest.h">
      <Filter>Header Files</Filter>
    </ClInclude>
    <ClInclude Include="AtaReadWriteBufferTest.h">
      <Filter>Header Files</Filter>
    </ClInclude>
    <ClInclude Include="AtaReadWriteSectorExtTest.h">
      <Filter>Header Files</Filter>
    </ClInclude>
    <ClInclude Include="AtaSmartTest.h">
      <Filter>Header Files</Filter>
    </ClInclude>
    <ClInclude Include="VtStorTestManager.h">
      <Filter>Header Files</Filter>
    </ClInclude>
    <ClInclude Include="ITestManager.h">
      <Filter>Header Files</Filter>
    </ClInclude>
    <ClInclude Include="AtaIdentifyDevice.h">
      <Filter>Header Files</Filter>
    </ClInclude>
  </ItemGroup>
</Project>