<?xml version="1.0" encoding="utf-8"?>
<Project ToolsVersion="4.0" xmlns="http://schemas.microsoft.com/developer/msbuild/2003">
  <ItemGroup>
    <ClCompile Include="CommandDescriptorAta.cpp">
      <Filter>Source Files</Filter>
    </ClCompile>
    <ClCompile Include="DriveEnumeratorAta.cpp">
      <Filter>Source Files</Filter>
    </ClCompile>
    <ClCompile Include="AtaCommandExtensions.cpp">
      <Filter>Source Files</Filter>
    </ClCompile>
    <ClCompile Include="Internal\CommandHandlerAta.cpp">
      <Filter>Source Files</Filter>
    </ClCompile>
    <ClCompile Include="Internal\DriveAta.cpp">
      <Filter>Source Files</Filter>
    </ClCompile>
    <ClCompile Include="Internal\TrimBufferFormatter.cpp">
      <Filter>Source Files</Filter>
    </ClCompile>
    <ClCompile Include="AsynIoCommandExtensions.cpp">
      <Filter>Source Files</Filter>
    </ClCompile>
    <ClCompile Include="CommandHandlerAsynIo.cpp">
      <Filter>Source Files</Filter>
    </ClCompile>
  </ItemGroup>
  <ItemGroup>
    <ClInclude Include="AtaCommandExtensions.h">
      <Filter>Header Files</Filter>
    </ClInclude>
    <ClInclude Include="CommandDescriptorAta.h">
      <Filter>Header Files</Filter>
    </ClInclude>
    <ClInclude Include="DriveEnumeratorAta.h">
      <Filter>Header Files</Filter>
    </ClInclude>
    <ClInclude Include="Internal\CommandHandlerAta.h">
      <Filter>Header Files</Filter>
    </ClInclude>
    <ClInclude Include="Internal\DriveAta.h">
      <Filter>Header Files</Filter>
    </ClInclude>
    <ClInclude Include="Internal\TrimBufferFormatter.h">
      <Filter>Header Files</Filter>
    </ClInclude>
    <ClInclude Include="AsynIoCommandExtensions.h">
      <Filter>Header Files</Filter>
    </ClInclude>
    <ClInclude Include="CommandHandlerAsynIo.h">
      <Filter>Header Files</Filter>
    </ClInclude>
  </ItemGroup>
  <ItemGroup>
    <Filter Include="Header Files">
      <UniqueIdentifier>{006e3b5c-f78f-4e5d-897c-b695bf6ae387}</UniqueIdentifier>
    </Filter>
    <Filter Include="Source Files">
      <UniqueIdentifier>{2bc581c6-aaa1-404f-8335-c5892b118da4}</UniqueIdentifier>
    </Filter>
  </ItemGroup>
</Project>