<?xml version="1.0" encoding="utf-8"?>
<Project ToolsVersion="4.0" xmlns="http://schemas.microsoft.com/developer/msbuild/2003">
  <ItemGroup>
    <ClCompile Include="CommandDescriptorScsi.cpp">
      <Filter>Source Files</Filter>
    </ClCompile>
    <ClCompile Include="DriveEnumeratorScsi.cpp">
      <Filter>Source Files</Filter>
    </ClCompile>
    <ClCompile Include="ScsiCommandExtensions.cpp">
      <Filter>Source Files</Filter>
    </ClCompile>
    <ClCompile Include="Internal\DriveScsi.cpp">
      <Filter>Source Files</Filter>
    </ClCompile>
    <ClCompile Include="Internal\CommandHandlerScsi.cpp">
      <Filter>Source Files</Filter>
    </ClCompile>
  </ItemGroup>
  <ItemGroup>
    <ClInclude Include="CommandDescriptorScsi.h">
      <Filter>Header Files</Filter>
    </ClInclude>
    <ClInclude Include="DriveEnumeratorScsi.h">
      <Filter>Header Files</Filter>
    </ClInclude>
    <ClInclude Include="ScsiCommandExtensions.h">
      <Filter>Header Files</Filter>
    </ClInclude>
    <ClInclude Include="Internal\CommandHandlerScsi.h">
      <Filter>Header Files</Filter>
    </ClInclude>
    <ClInclude Include="Internal\DriveScsi.h">
      <Filter>Header Files</Filter>
    </ClInclude>
  </ItemGroup>
  <ItemGroup>
    <Filter Include="Header Files">
      <UniqueIdentifier>{da7fbe11-58e5-4bc1-b6ca-90ca71234a53}</UniqueIdentifier>
    </Filter>
    <Filter Include="Source Files">
      <UniqueIdentifier>{4e10e918-a929-40f9-883e-be9732c45620}</UniqueIdentifier>
    </Filter>
  </ItemGroup>
</Project>