<?xml version="1.0" encoding="utf-8"?>
<Project ToolsVersion="4.0" xmlns="http://schemas.microsoft.com/developer/msbuild/2003">
  <ItemGroup>
    <Filter Include="Source Files">
      <UniqueIdentifier>{4FC737F1-C7A5-4376-A066-2A32D752A2FF}</UniqueIdentifier>
      <Extensions>cpp;c;cc;cxx;def;odl;idl;hpj;bat;asm;asmx</Extensions>
    </Filter>
    <Filter Include="Header Files">
      <UniqueIdentifier>{93995380-89BD-4b04-88EB-625FBE52EBFB}</UniqueIdentifier>
      <Extensions>h;hh;hpp;hxx;hm;inl;inc;xsd</Extensions>
    </Filter>
    <Filter Include="Resource Files">
      <UniqueIdentifier>{67DA6AB6-F800-4c08-8B7A-83BB121AAD01}</UniqueIdentifier>
      <Extensions>rc;ico;cur;bmp;dlg;rc2;rct;bin;rgs;gif;jpg;jpeg;jpe;resx;tiff;tif;png;wav;mfcribbon-ms</Extensions>
    </Filter>
    <Filter Include="Header Files\Interfaces">
      <UniqueIdentifier>{f73b9c13-fa2a-4e4c-866a-8c9e7be9b61c}</UniqueIdentifier>
    </Filter>
    <Filter Include="Header Files\Common">
      <UniqueIdentifier>{05ad26b7-b9a7-43aa-bbf4-9dae3f25f10f}</UniqueIdentifier>
    </Filter>
    <Filter Include="Scripts">
      <UniqueIdentifier>{45185f2b-b626-4f0e-9e13-145369116eca}</UniqueIdentifier>
    </Filter>
  </ItemGroup>
  <ItemGroup>
    <ClInclude Include="DriveManagerInterface.h">
      <Filter>Header Files\Interfaces</Filter>
    </ClInclude>
    <ClInclude Include="..\Common\ErrorCodes.h">
      <Filter>Header Files\Common</Filter>
    </ClInclude>
    <ClInclude Include="..\Common\Platform\x86x64\BasicTypes.h">
      <Filter>Header Files\Common</Filter>
    </ClInclude>
    <ClInclude Include="DriveManager.h">
      <Filter>Header Files</Filter>
    </ClInclude>
    <ClInclude Include="DriveInterface.h">
      <Filter>Header Files\Interfaces</Filter>
    </ClInclude>
    <ClInclude Include="vtStor.h">
      <Filter>Header Files</Filter>
    </ClInclude>
    <ClInclude Include="Platform\Windows\vtStorPlatformDefines.h">
      <Filter>Header Files</Filter>
    </ClInclude>
    <ClInclude Include="DriveEnumeratorInterface.h">
      <Filter>Header Files\Interfaces</Filter>
    </ClInclude>
  </ItemGroup>
  <ItemGroup>
    <ClCompile Include="DriveManager.cpp">
      <Filter>Source Files</Filter>
    </ClCompile>
    <ClCompile Include="vtStor.cpp">
      <Filter>Source Files</Filter>
    </ClCompile>
    <ClCompile Include="DriveEnumeratorInterface.cpp">
      <Filter>Source Files</Filter>
    </ClCompile>
    <ClCompile Include="DriveManagerInterface.cpp">
      <Filter>Source Files</Filter>
    </ClCompile>
    <ClCompile Include="DriveInterface.cpp">
      <Filter>Source Files</Filter>
    </ClCompile>
  </ItemGroup>
</Project>